
Microsoft Visual Studio Solution File, Format Version 12.00
# Visual Studio Version 17
VisualStudioVersion = 17.8.34330.188
MinimumVisualStudioVersion = 10.0.40219.1
Project("{FAE04EC0-301F-11D3-BF4B-00C04F79EFBC}") = "Tao's Bot Maker", "BotFF_peche\Tao's Bot Maker.csproj", "{2815EEDE-1FC2-434D-85D9-2E6CCC494818}"
EndProject
Global
	GlobalSection(SolutionConfigurationPlatforms) = preSolution
		Debug|Any CPU = Debug|Any CPU
		Release|Any CPU = Release|Any CPU
	EndGlobalSection
	GlobalSection(ProjectConfigurationPlatforms) = postSolution
		{2815EEDE-1FC2-434D-85D9-2E6CCC494818}.Debug|Any CPU.ActiveCfg = Debug|Any CPU
		{2815EEDE-1FC2-434D-85D9-2E6CCC494818}.Debug|Any CPU.Build.0 = Debug|Any CPU
		{2815EEDE-1FC2-434D-85D9-2E6CCC494818}.Release|Any CPU.ActiveCfg = Release|Any CPU
		{2815EEDE-1FC2-434D-85D9-2E6CCC494818}.Release|Any CPU.Build.0 = Release|Any CPU
	EndGlobalSection
	GlobalSection(SolutionProperties) = preSolution
		HideSolutionNode = FALSE
	EndGlobalSection
	GlobalSection(ExtensibilityGlobals) = postSolution
		SolutionGuid = {4D92D374-BAD8-49F3-9AAD-DAF25D970A97}
	EndGlobalSection
EndGlobal
